<?xml version="1.0" encoding="utf-8"?>
<Project ToolsVersion="4.0" xmlns="http://schemas.microsoft.com/developer/msbuild/2003">
  <ItemGroup>
    <ClCompile Include="..\..\src\Camera.cpp">
      <Filter>Source</Filter>
    </ClCompile>
    <ClCompile Include="..\..\src\GameInfo.cpp">
      <Filter>Source</Filter>
    </ClCompile>
    <ClCompile Include="..\..\src\GameScene.cpp">
      <Filter>Source</Filter>
    </ClCompile>
    <ClCompile Include="..\..\src\InputManager.cpp">
      <Filter>Source</Filter>
    </ClCompile>
    <ClCompile Include="..\..\src\InputManagerSDL.cpp">
      <Filter>Source</Filter>
    </ClCompile>
    <ClCompile Include="..\..\src\main.cpp">
      <Filter>Source</Filter>
    </ClCompile>
    <ClCompile Include="..\..\src\Matrix.cpp">
      <Filter>Source</Filter>
    </ClCompile>
    <ClCompile Include="..\..\src\NetworkManager.cpp">
      <Filter>Source</Filter>
    </ClCompile>
    <ClCompile Include="..\..\src\Particle.cpp">
      <Filter>Source</Filter>
    </ClCompile>
    <ClCompile Include="..\..\src\Projectile.cpp">
      <Filter>Source</Filter>
    </ClCompile>
    <ClCompile Include="..\..\src\Scene.cpp">
      <Filter>Source</Filter>
    </ClCompile>
    <ClCompile Include="..\..\src\SceneManager.cpp">
      <Filter>Source</Filter>
    </ClCompile>
    <ClCompile Include="..\..\src\Tile.cpp">
      <Filter>Source</Filter>
    </ClCompile>
    <ClCompile Include="..\..\src\TileManager.cpp">
      <Filter>Source</Filter>
    </ClCompile>
    <ClCompile Include="..\..\src\tinyxml2.cpp">
      <Filter>Source</Filter>
    </ClCompile>
    <ClCompile Include="..\..\src\Unit.cpp">
      <Filter>Source</Filter>
    </ClCompile>
    <ClCompile Include="..\..\src\UnitManager.cpp">
      <Filter>Source</Filter>
    </ClCompile>
    <ClCompile Include="..\..\src\Vector.cpp">
      <Filter>Source</Filter>
    </ClCompile>
    <ClCompile Include="..\..\src\Vertex.cpp">
      <Filter>Source</Filter>
    </ClCompile>
    <ClCompile Include="..\..\src\D3D11DisplayManager.cpp">
      <Filter>Source\Display</Filter>
    </ClCompile>
    <ClCompile Include="..\..\src\AnimatedTexture.cpp">
      <Filter>Source\Display</Filter>
    </ClCompile>
    <ClCompile Include="..\..\src\Texture.cpp">
      <Filter>Source\Display</Filter>
    </ClCompile>
    <ClCompile Include="..\..\src\SoundManager.cpp">
      <Filter>Source\Resources</Filter>
    </ClCompile>
    <ClCompile Include="..\..\src\ParticleManager.cpp">
      <Filter>Source\Display</Filter>
    </ClCompile>
    <ClCompile Include="..\..\src\DisplayManager.cpp">
      <Filter>Source\Display</Filter>
    </ClCompile>
    <ClCompile Include="..\..\src\Actor.cpp">
      <Filter>Source\Actors</Filter>
    </ClCompile>
    <ClCompile Include="..\..\src\Button.cpp">
      <Filter>Source\UI</Filter>
    </ClCompile>
    <ClCompile Include="..\..\src\Cursor.cpp">
      <Filter>Source\UI</Filter>
    </ClCompile>
    <ClCompile Include="..\..\src\MainMenuScene.cpp">
      <Filter>Source\UI</Filter>
    </ClCompile>
    <ClCompile Include="..\..\src\FloatingText.cpp">
      <Filter>Source\UI</Filter>
    </ClCompile>
    <ClCompile Include="..\..\src\HUD.cpp">
      <Filter>Source\UI</Filter>
    </ClCompile>
    <ClCompile Include="..\..\src\Mesh.cpp">
      <Filter>Source\Display</Filter>
    </ClCompile>
    <ClCompile Include="..\..\src\Object.cpp">
      <Filter>Source\Actors</Filter>
    </ClCompile>
    <ClCompile Include="..\..\src\ObjectManager.cpp">
      <Filter>Source\Actors</Filter>
    </ClCompile>
    <ClCompile Include="..\..\src\OpenGL1DisplayManager.cpp">
      <Filter>Source\Display</Filter>
    </ClCompile>
    <ClCompile Include="..\..\src\OpenGLDisplayManager.cpp">
      <Filter>Source\Display</Filter>
    </ClCompile>
    <ClCompile Include="..\..\src\OpenGLES2DisplayManager.cpp">
      <Filter>Source\Display</Filter>
    </ClCompile>
    <ClCompile Include="..\..\src\TextLibrary.cpp">
      <Filter>Source\UI</Filter>
    </ClCompile>
    <ClCompile Include="..\..\src\TextLibrarySDL.cpp">
      <Filter>Source\UI</Filter>
    </ClCompile>
    <ClCompile Include="..\..\src\PackManager.cpp">
      <Filter>Source\Resources</Filter>
    </ClCompile>
    <ClCompile Include="..\..\src\UIElement.cpp">
      <Filter>Source\UI</Filter>
    </ClCompile>
    <ClCompile Include="..\..\src\Player.cpp">
      <Filter>Source\Actors</Filter>
    </ClCompile>
    <ClCompile Include="..\..\src\CollectibleSoul.cpp">
      <Filter>Source\Actors</Filter>
    </ClCompile>
    <ClCompile Include="..\..\src\InputManagerUWP.cpp">
      <Filter>Source</Filter>
    </ClCompile>
    <ClCompile Include="..\..\src\NetworkTestScene.cpp">
      <Filter>Source</Filter>
    </ClCompile>
  </ItemGroup>
  <ItemGroup>
    <ClInclude Include="..\..\include\GameInfo.h">
      <Filter>Include</Filter>
    </ClInclude>
    <ClInclude Include="..\..\include\GameScene.h">
      <Filter>Include</Filter>
    </ClInclude>
    <ClInclude Include="..\..\include\InputManager.h">
      <Filter>Include</Filter>
    </ClInclude>
    <ClInclude Include="..\..\include\InputManagerSDL.h">
      <Filter>Include</Filter>
    </ClInclude>
    <ClInclude Include="..\..\include\MainMenuScene.h">
      <Filter>Include</Filter>
    </ClInclude>
    <ClInclude Include="..\..\include\Matrix.h">
      <Filter>Include</Filter>
    </ClInclude>
    <ClInclude Include="..\..\include\Mesh.h">
      <Filter>Include</Filter>
    </ClInclude>
    <ClInclude Include="..\..\include\NetworkManager.h">
      <Filter>Include</Filter>
    </ClInclude>
    <ClInclude Include="..\..\include\PerformanceTimer.h">
      <Filter>Include</Filter>
    </ClInclude>
    <ClInclude Include="..\..\include\Projectile.h">
      <Filter>Include</Filter>
    </ClInclude>
    <ClInclude Include="..\..\include\Scene.h">
      <Filter>Include</Filter>
    </ClInclude>
    <ClInclude Include="..\..\include\SceneManager.h">
      <Filter>Include</Filter>
    </ClInclude>
    <ClInclude Include="..\..\include\Tile.h">
      <Filter>Include</Filter>
    </ClInclude>
    <ClInclude Include="..\..\include\TileManager.h">
      <Filter>Include</Filter>
    </ClInclude>
    <ClInclude Include="..\..\include\tinyxml2.h">
      <Filter>Include</Filter>
    </ClInclude>
    <ClInclude Include="..\..\include\Unit.h">
      <Filter>Include</Filter>
    </ClInclude>
    <ClInclude Include="..\..\include\UnitManager.h">
      <Filter>Include</Filter>
    </ClInclude>
    <ClInclude Include="..\..\include\Vector.h">
      <Filter>Include</Filter>
    </ClInclude>
    <ClInclude Include="..\..\include\Vertex.h">
      <Filter>Include</Filter>
    </ClInclude>
    <ClInclude Include="..\..\include\Actor.h">
      <Filter>Include\Actors</Filter>
    </ClInclude>
    <ClInclude Include="..\..\include\OpenGL1DisplayManager.h">
      <Filter>Include\Display</Filter>
    </ClInclude>
    <ClInclude Include="..\..\include\OpenGLDisplayManager.h">
      <Filter>Include\Display</Filter>
    </ClInclude>
    <ClInclude Include="..\..\include\OpenGLES2DisplayManager.h">
      <Filter>Include\Display</Filter>
    </ClInclude>
    <ClInclude Include="..\..\include\D3D11DisplayManager.h">
      <Filter>Include\Display</Filter>
    </ClInclude>
    <ClInclude Include="..\..\include\DisplayManager.h">
      <Filter>Include\Display</Filter>
    </ClInclude>
    <ClInclude Include="..\..\include\HUD.h">
      <Filter>Include\Display</Filter>
    </ClInclude>
    <ClInclude Include="..\..\include\Camera.h">
      <Filter>Include\Display</Filter>
    </ClInclude>
    <ClInclude Include="..\..\include\SoundManager.h">
      <Filter>Include\Resources</Filter>
    </ClInclude>
    <ClInclude Include="..\..\include\ParticleManager.h">
      <Filter>Include\Display</Filter>
    </ClInclude>
    <ClInclude Include="..\..\include\FloatingText.h">
      <Filter>Include\UI</Filter>
    </ClInclude>
    <ClInclude Include="..\..\include\Cursor.h">
      <Filter>Include\UI</Filter>
    </ClInclude>
    <ClInclude Include="..\..\include\Button.h">
      <Filter>Include\UI</Filter>
    </ClInclude>
    <ClInclude Include="..\..\include\PackManager.h">
      <Filter>Include\Resources</Filter>
    </ClInclude>
    <ClInclude Include="..\..\include\Particle.h">
      <Filter>Include\Display</Filter>
    </ClInclude>
    <ClInclude Include="..\..\include\AnimatedTexture.h">
      <Filter>Include\Display</Filter>
    </ClInclude>
    <ClInclude Include="..\..\include\Object.h">
      <Filter>Include\Actors</Filter>
    </ClInclude>
    <ClInclude Include="..\..\include\ObjectManager.h">
      <Filter>Include\Actors</Filter>
    </ClInclude>
    <ClInclude Include="..\..\include\TextLibrary.h">
      <Filter>Include\UI</Filter>
    </ClInclude>
    <ClInclude Include="..\..\include\TextLibrarySDL.h">
      <Filter>Include\UI</Filter>
    </ClInclude>
    <ClInclude Include="..\..\include\Texture.h">
      <Filter>Include\Display</Filter>
    </ClInclude>
    <ClInclude Include="..\..\include\UIElement.h">
      <Filter>Include\UI</Filter>
    </ClInclude>
    <ClInclude Include="..\..\include\CollectibleSoul.h">
      <Filter>Include\Actors</Filter>
    </ClInclude>
    <ClInclude Include="..\..\include\Player.h">
      <Filter>Include\Actors</Filter>
    </ClInclude>
    <ClInclude Include="..\..\include\InputManagerUWP.h">
      <Filter>Include</Filter>
    </ClInclude>
    <ClInclude Include="..\..\include\NetworkTestScene.h">
      <Filter>Include</Filter>
    </ClInclude>
  </ItemGroup>
  <ItemGroup>
    <Filter Include="Source">
      <UniqueIdentifier>{356c91c7-9495-4fdc-9dcf-5e4d529a2ebe}</UniqueIdentifier>
    </Filter>
    <Filter Include="Include">
      <UniqueIdentifier>{bfce2e48-9551-45e8-ba96-babfdab475c2}</UniqueIdentifier>
    </Filter>
    <Filter Include="Include\Actors">
      <UniqueIdentifier>{69d24d65-d756-4ff4-82ea-4184e444b7b3}</UniqueIdentifier>
    </Filter>
    <Filter Include="Include\Display">
      <UniqueIdentifier>{2df4e558-9b9e-4c98-8460-5a186a285621}</UniqueIdentifier>
    </Filter>
    <Filter Include="Source\Actors">
      <UniqueIdentifier>{df7a0d4c-4400-4a17-a3d2-42b9fe1cf10e}</UniqueIdentifier>
    </Filter>
    <Filter Include="Source\Display">
      <UniqueIdentifier>{6cfd32bc-2951-463b-b2d2-61ff4aaa50e1}</UniqueIdentifier>
    </Filter>
    <Filter Include="Source\UI">
      <UniqueIdentifier>{8afc9057-c839-4d9d-9b5d-4d86e44e336c}</UniqueIdentifier>
    </Filter>
    <Filter Include="Include\UI">
      <UniqueIdentifier>{b195a0a3-fcd7-4686-bdb1-9e76b845b950}</UniqueIdentifier>
    </Filter>
    <Filter Include="Source\Resources">
      <UniqueIdentifier>{ec6fcf2f-199c-4ae3-aca9-279464324215}</UniqueIdentifier>
    </Filter>
    <Filter Include="Include\Resources">
      <UniqueIdentifier>{b3a8358d-4eb3-49ea-892a-bf0645aa7a48}</UniqueIdentifier>
    </Filter>
  </ItemGroup>
</Project>