<?xml version="1.0" encoding="utf-8"?>
<Project ToolsVersion="4.0" xmlns="http://schemas.microsoft.com/developer/msbuild/2003">
  <ItemGroup>
    <Filter Include="Assets">
      <UniqueIdentifier>55663547-04d8-45c9-b405-e615b7db958c</UniqueIdentifier>
      <Extensions>bmp;fbx;gif;jpg;jpeg;tga;tiff;tif;png;pak</Extensions>
    </Filter>
    <Image Include="Assets\LockScreenLogo.scale-200.png">
      <Filter>Assets</Filter>
    </Image>
    <Image Include="Assets\SplashScreen.scale-200.png">
      <Filter>Assets</Filter>
    </Image>
    <Image Include="Assets\Square150x150Logo.scale-200.png">
      <Filter>Assets</Filter>
    </Image>
    <Image Include="Assets\Square44x44Logo.scale-200.png">
      <Filter>Assets</Filter>
    </Image>
    <Image Include="Assets\Square44x44Logo.targetsize-24_altform-unplated.png">
      <Filter>Assets</Filter>
    </Image>
    <Filter Include="Include">
      <UniqueIdentifier>{61aa7717-485f-4e31-8bac-f0d66d1f494b}</UniqueIdentifier>
    </Filter>
    <Filter Include="Src">
      <UniqueIdentifier>{1d8e381a-a802-4823-a267-69336d4ad4bf}</UniqueIdentifier>
    </Filter>
  </ItemGroup>
  <ItemGroup>
    <Image Include="Assets\StoreLogo.png">
      <Filter>Assets</Filter>
    </Image>
    <Image Include="Assets\SplashScreen.jpg">
      <Filter>Assets</Filter>
    </Image>
    <Image Include="Assets\Wide310x150Logo.scale-200.jpg">
      <Filter>Assets</Filter>
    </Image>
  </ItemGroup>
  <ItemGroup>
    <AppxManifest Include="Package.appxmanifest" />
  </ItemGroup>
  <ItemGroup>
    <None Include="VS2015-ShadesPrototypeUWP_TemporaryKey.pfx" />
    <None Include="..\..\Resources.pak">
      <Filter>Assets</Filter>
    </None>
    <None Include="..\..\Sounds.pak">
      <Filter>Assets</Filter>
    </None>
  </ItemGroup>
  <ItemGroup>
    <ClCompile Include="..\VS2015-Build Dependencies\SDL2\src\main\winrt\SDL_winrt_main_NonXAML.cpp" />
    <ClCompile Include="..\..\src\OpenGL1DisplayManager.cpp">
      <Filter>Src</Filter>
    </ClCompile>
    <ClCompile Include="..\..\src\OpenGLDisplayManager.cpp">
      <Filter>Src</Filter>
    </ClCompile>
    <ClCompile Include="..\..\src\OpenGLES2DisplayManager.cpp">
      <Filter>Src</Filter>
    </ClCompile>
    <ClCompile Include="..\..\src\PackManager.cpp">
      <Filter>Src</Filter>
    </ClCompile>
    <ClCompile Include="..\..\src\Particle.cpp">
      <Filter>Src</Filter>
    </ClCompile>
    <ClCompile Include="..\..\src\ParticleManager.cpp">
      <Filter>Src</Filter>
    </ClCompile>
    <ClCompile Include="..\..\src\Player.cpp">
      <Filter>Src</Filter>
    </ClCompile>
    <ClCompile Include="..\..\src\Projectile.cpp">
      <Filter>Src</Filter>
    </ClCompile>
    <ClCompile Include="..\..\src\Resource.cpp">
      <Filter>Src</Filter>
    </ClCompile>
    <ClCompile Include="..\..\src\Scene.cpp">
      <Filter>Src</Filter>
    </ClCompile>
    <ClCompile Include="..\..\src\SceneManager.cpp">
      <Filter>Src</Filter>
    </ClCompile>
    <ClCompile Include="..\..\src\SoundManager.cpp">
      <Filter>Src</Filter>
    </ClCompile>
    <ClCompile Include="..\..\src\StartScreen.cpp">
      <Filter>Src</Filter>
    </ClCompile>
    <ClCompile Include="..\..\src\TextLibrary.cpp">
      <Filter>Src</Filter>
    </ClCompile>
    <ClCompile Include="..\..\src\TextLibrarySDL.cpp">
      <Filter>Src</Filter>
    </ClCompile>
    <ClCompile Include="..\..\src\Texture.cpp">
      <Filter>Src</Filter>
    </ClCompile>
    <ClCompile Include="..\..\src\Tile.cpp">
      <Filter>Src</Filter>
    </ClCompile>
    <ClCompile Include="..\..\src\TileManager.cpp">
      <Filter>Src</Filter>
    </ClCompile>
    <ClCompile Include="..\..\src\tinyxml2.cpp">
      <Filter>Src</Filter>
    </ClCompile>
    <ClCompile Include="..\..\src\UIElement.cpp">
      <Filter>Src</Filter>
    </ClCompile>
    <ClCompile Include="..\..\src\Unit.cpp">
      <Filter>Src</Filter>
    </ClCompile>
    <ClCompile Include="..\..\src\UnitManager.cpp">
      <Filter>Src</Filter>
    </ClCompile>
    <ClCompile Include="..\..\src\Vector.cpp">
      <Filter>Src</Filter>
    </ClCompile>
    <ClCompile Include="..\..\src\Vertex.cpp">
      <Filter>Src</Filter>
    </ClCompile>
    <ClCompile Include="..\..\src\Actor.cpp">
      <Filter>Src</Filter>
    </ClCompile>
    <ClCompile Include="..\..\src\AnimatedTexture.cpp">
      <Filter>Src</Filter>
    </ClCompile>
    <ClCompile Include="..\..\src\Building.cpp">
      <Filter>Src</Filter>
    </ClCompile>
    <ClCompile Include="..\..\src\Button.cpp">
      <Filter>Src</Filter>
    </ClCompile>
    <ClCompile Include="..\..\src\Camera.cpp">
      <Filter>Src</Filter>
    </ClCompile>
    <ClCompile Include="..\..\src\CollectibleSoul.cpp">
      <Filter>Src</Filter>
    </ClCompile>
    <ClCompile Include="..\..\src\Cursor.cpp">
      <Filter>Src</Filter>
    </ClCompile>
    <ClCompile Include="..\..\src\D3D11DisplayManager.cpp">
      <Filter>Src</Filter>
    </ClCompile>
    <ClCompile Include="..\..\src\DisplayManager.cpp">
      <Filter>Src</Filter>
    </ClCompile>
    <ClCompile Include="..\..\src\FloatingText.cpp">
      <Filter>Src</Filter>
    </ClCompile>
    <ClCompile Include="..\..\src\GameInfo.cpp">
      <Filter>Src</Filter>
    </ClCompile>
    <ClCompile Include="..\..\src\GameScene.cpp">
      <Filter>Src</Filter>
    </ClCompile>
    <ClCompile Include="..\..\src\HUD.cpp">
      <Filter>Src</Filter>
    </ClCompile>
    <ClCompile Include="..\..\src\InputManager.cpp">
      <Filter>Src</Filter>
    </ClCompile>
    <ClCompile Include="..\..\src\InputManagerSDL.cpp">
      <Filter>Src</Filter>
    </ClCompile>
    <ClCompile Include="..\..\src\main.cpp">
      <Filter>Src</Filter>
    </ClCompile>
    <ClCompile Include="..\..\src\MainMenuScene.cpp">
      <Filter>Src</Filter>
    </ClCompile>
    <ClCompile Include="..\..\src\Matrix.cpp">
      <Filter>Src</Filter>
    </ClCompile>
    <ClCompile Include="..\..\src\Mesh.cpp">
      <Filter>Src</Filter>
    </ClCompile>
    <ClCompile Include="..\..\src\Object.cpp">
      <Filter>Src</Filter>
    </ClCompile>
    <ClCompile Include="..\..\src\ObjectManager.cpp">
      <Filter>Src</Filter>
    </ClCompile>
    <ClCompile Include="WinRTMainSDL2.cpp" />
    <ClCompile Include="..\..\src\NetworkManager.cpp">
      <Filter>Src</Filter>
    </ClCompile>
  </ItemGroup>
  <ItemGroup>
    <ClInclude Include="..\..\include\msvcunistd.h">
      <Filter>Include</Filter>
    </ClInclude>
    <ClInclude Include="..\..\include\Object.h">
      <Filter>Include</Filter>
    </ClInclude>
    <ClInclude Include="..\..\include\ObjectManager.h">
      <Filter>Include</Filter>
    </ClInclude>
    <ClInclude Include="..\..\include\OpenGL1DisplayManager.h">
      <Filter>Include</Filter>
    </ClInclude>
    <ClInclude Include="..\..\include\OpenGLDisplayManager.h">
      <Filter>Include</Filter>
    </ClInclude>
    <ClInclude Include="..\..\include\OpenGLES2DisplayManager.h">
      <Filter>Include</Filter>
    </ClInclude>
    <ClInclude Include="..\..\include\PackManager.h">
      <Filter>Include</Filter>
    </ClInclude>
    <ClInclude Include="..\..\include\Particle.h">
      <Filter>Include</Filter>
    </ClInclude>
    <ClInclude Include="..\..\include\ParticleManager.h">
      <Filter>Include</Filter>
    </ClInclude>
    <ClInclude Include="..\..\include\PerformanceTimer.h">
      <Filter>Include</Filter>
    </ClInclude>
    <ClInclude Include="..\..\include\Player.h">
      <Filter>Include</Filter>
    </ClInclude>
    <ClInclude Include="..\..\include\Projectile.h">
      <Filter>Include</Filter>
    </ClInclude>
    <ClInclude Include="..\..\include\Resource.h">
      <Filter>Include</Filter>
    </ClInclude>
    <ClInclude Include="..\..\include\Scene.h">
      <Filter>Include</Filter>
    </ClInclude>
    <ClInclude Include="..\..\include\SceneManager.h">
      <Filter>Include</Filter>
    </ClInclude>
    <ClInclude Include="..\..\include\SoundManager.h">
      <Filter>Include</Filter>
    </ClInclude>
    <ClInclude Include="..\..\include\StartScreen.h">
      <Filter>Include</Filter>
    </ClInclude>
    <ClInclude Include="..\..\include\TextLibrary.h">
      <Filter>Include</Filter>
    </ClInclude>
    <ClInclude Include="..\..\include\TextLibrarySDL.h">
      <Filter>Include</Filter>
    </ClInclude>
    <ClInclude Include="..\..\include\Texture.h">
      <Filter>Include</Filter>
    </ClInclude>
    <ClInclude Include="..\..\include\Tile.h">
      <Filter>Include</Filter>
    </ClInclude>
    <ClInclude Include="..\..\include\TileManager.h">
      <Filter>Include</Filter>
    </ClInclude>
    <ClInclude Include="..\..\include\tinyxml2.h">
      <Filter>Include</Filter>
    </ClInclude>
    <ClInclude Include="..\..\include\UIElement.h">
      <Filter>Include</Filter>
    </ClInclude>
    <ClInclude Include="..\..\include\Unit.h">
      <Filter>Include</Filter>
    </ClInclude>
    <ClInclude Include="..\..\include\UnitManager.h">
      <Filter>Include</Filter>
    </ClInclude>
    <ClInclude Include="..\..\include\Vector.h">
      <Filter>Include</Filter>
    </ClInclude>
    <ClInclude Include="..\..\include\Vertex.h">
      <Filter>Include</Filter>
    </ClInclude>
    <ClInclude Include="..\..\include\Actor.h">
      <Filter>Include</Filter>
    </ClInclude>
    <ClInclude Include="..\..\include\AnimatedTexture.h">
      <Filter>Include</Filter>
    </ClInclude>
    <ClInclude Include="..\..\include\Building.h">
      <Filter>Include</Filter>
    </ClInclude>
    <ClInclude Include="..\..\include\Button.h">
      <Filter>Include</Filter>
    </ClInclude>
    <ClInclude Include="..\..\include\Camera.h">
      <Filter>Include</Filter>
    </ClInclude>
    <ClInclude Include="..\..\include\CollectibleSoul.h">
      <Filter>Include</Filter>
    </ClInclude>
    <ClInclude Include="..\..\include\Cursor.h">
      <Filter>Include</Filter>
    </ClInclude>
    <ClInclude Include="..\..\include\D3D11DisplayManager.h">
      <Filter>Include</Filter>
    </ClInclude>
    <ClInclude Include="..\..\include\DisplayManager.h">
      <Filter>Include</Filter>
    </ClInclude>
    <ClInclude Include="..\..\include\FloatingText.h">
      <Filter>Include</Filter>
    </ClInclude>
    <ClInclude Include="..\..\include\GameInfo.h">
      <Filter>Include</Filter>
    </ClInclude>
    <ClInclude Include="..\..\include\GameScene.h">
      <Filter>Include</Filter>
    </ClInclude>
    <ClInclude Include="..\..\include\HUD.h">
      <Filter>Include</Filter>
    </ClInclude>
    <ClInclude Include="..\..\include\InputManager.h">
      <Filter>Include</Filter>
    </ClInclude>
    <ClInclude Include="..\..\include\InputManagerSDL.h">
      <Filter>Include</Filter>
    </ClInclude>
    <ClInclude Include="..\..\include\MainMenuScene.h">
      <Filter>Include</Filter>
    </ClInclude>
    <ClInclude Include="..\..\include\Matrix.h">
      <Filter>Include</Filter>
    </ClInclude>
    <ClInclude Include="..\..\include\Mesh.h">
      <Filter>Include</Filter>
    </ClInclude>
    <ClInclude Include="..\..\include\networkmanager.h">
      <Filter>Include</Filter>
    </ClInclude>
  </ItemGroup>
</Project>